
Microsoft Visual Studio Solution File, Format Version 12.00
# Visual Studio 15
VisualStudioVersion = 15.0.28010.2003
MinimumVisualStudioVersion = 10.0.40219.1
Project("{FAE04EC0-301F-11D3-BF4B-00C04F79EFBC}") = "FirstWebApplication", "FirstWebApplication\FirstWebApplication.csproj", "{F23DA461-8AA1-4D1B-ADA6-96BA0DE3B481}"
EndProject
Global
	GlobalSection(SolutionConfigurationPlatforms) = preSolution
		Debug|Any CPU = Debug|Any CPU
		Release|Any CPU = Release|Any CPU
	EndGlobalSection
	GlobalSection(ProjectConfigurationPlatforms) = postSolution
		{F23DA461-8AA1-4D1B-ADA6-96BA0DE3B481}.Debug|Any CPU.ActiveCfg = Debug|Any CPU
		{F23DA461-8AA1-4D1B-ADA6-96BA0DE3B481}.Debug|Any CPU.Build.0 = Debug|Any CPU
		{F23DA461-8AA1-4D1B-ADA6-96BA0DE3B481}.Release|Any CPU.ActiveCfg = Release|Any CPU
		{F23DA461-8AA1-4D1B-ADA6-96BA0DE3B481}.Release|Any CPU.Build.0 = Release|Any CPU
	EndGlobalSection
	GlobalSection(SolutionProperties) = preSolution
		HideSolutionNode = FALSE
	EndGlobalSection
	GlobalSection(ExtensibilityGlobals) = postSolution
		SolutionGuid = {F243CFC2-33F8-41BE-AE53-B5B717678B9D}
	EndGlobalSection
EndGlobal
